{
  "name": "node.js-express-",
  "version": "1.0.0",
  "lockfileVersion": 2,
  "requires": true,
  "packages": {
    "": {
      "name": "node.js-express-",
      "version": "1.0.0",
      "license": "ISC",
      "devDependencies": {
        "supervisor": "^0.12.0"
      }
    },
    "node_modules/supervisor": {
      "version": "0.12.0",
      "resolved": "https://registry.npmjs.org/supervisor/-/supervisor-0.12.0.tgz",
      "integrity": "sha1-3n5jNwFbKRhRwQ81OMSn8EkX7ME=",
      "dev": true,
      "bin": {
        "node-supervisor": "lib/cli-wrapper.js",
        "supervisor": "lib/cli-wrapper.js"
      },
      "engines": {
        "node": ">=0.6.0"
      }
    }
  },
  "dependencies": {
    "supervisor": {
      "version": "0.12.0",
      "resolved": "https://registry.npmjs.org/supervisor/-/supervisor-0.12.0.tgz",
      "integrity": "sha1-3n5jNwFbKRhRwQ81OMSn8EkX7ME=",
      "dev": true
    }
  }
}
